
Microsoft Visual Studio Solution File, Format Version 12.00
# Visual Studio 15
VisualStudioVersion = 15.0.26430.14
MinimumVisualStudioVersion = 10.0.40219.1
Project("{FAE04EC0-301F-11D3-BF4B-00C04F79EFBC}") = "Mugelli.Software.It.Mgc.Android", "Mugelli.Software.It.Mgc\Mugelli.Software.It.Mgc.Android\Mugelli.Software.It.Mgc.Android.csproj", "{7012B781-DA4C-4FCD-A186-643B09028CBF}"
EndProject
Project("{FAE04EC0-301F-11D3-BF4B-00C04F79EFBC}") = "Mugelli.Software.It.Mgc", "Mugelli.Software.It.Mgc\Mugelli.Software.It.Mgc\Mugelli.Software.It.Mgc.csproj", "{04DE8E65-BEA1-4B94-AB64-A9714C3182DF}"
EndProject
Project("{FAE04EC0-301F-11D3-BF4B-00C04F79EFBC}") = "Mugelli.Software.It.Mgc.UWP", "Mugelli.Software.It.Mgc\Mugelli.Software.It.Mgc.UWP\Mugelli.Software.It.Mgc.UWP.csproj", "{3F8DD5B2-9414-4D39-B737-0F0A249A7EE0}"
EndProject
Project("{FAE04EC0-301F-11D3-BF4B-00C04F79EFBC}") = "Mugelli.Software.It.Mgc.iOS", "Mugelli.Software.It.Mgc\Mugelli.Software.It.Mgc.iOS\Mugelli.Software.It.Mgc.iOS.csproj", "{AF99C0E4-1047-4EE5-8E4F-340FEF26AFED}"
EndProject
Global
	GlobalSection(SolutionConfigurationPlatforms) = preSolution
		Ad-Hoc|Any CPU = Ad-Hoc|Any CPU
		Ad-Hoc|ARM = Ad-Hoc|ARM
		Ad-Hoc|iPhone = Ad-Hoc|iPhone
		Ad-Hoc|iPhoneSimulator = Ad-Hoc|iPhoneSimulator
		Ad-Hoc|x64 = Ad-Hoc|x64
		Ad-Hoc|x86 = Ad-Hoc|x86
		AppStore|Any CPU = AppStore|Any CPU
		AppStore|ARM = AppStore|ARM
		AppStore|iPhone = AppStore|iPhone
		AppStore|iPhoneSimulator = AppStore|iPhoneSimulator
		AppStore|x64 = AppStore|x64
		AppStore|x86 = AppStore|x86
		Debug|Any CPU = Debug|Any CPU
		Debug|ARM = Debug|ARM
		Debug|iPhone = Debug|iPhone
		Debug|iPhoneSimulator = Debug|iPhoneSimulator
		Debug|x64 = Debug|x64
		Debug|x86 = Debug|x86
		Release|Any CPU = Release|Any CPU
		Release|ARM = Release|ARM
		Release|iPhone = Release|iPhone
		Release|iPhoneSimulator = Release|iPhoneSimulator
		Release|x64 = Release|x64
		Release|x86 = Release|x86
	EndGlobalSection
	GlobalSection(ProjectConfigurationPlatforms) = postSolution
		{7012B781-DA4C-4FCD-A186-643B09028CBF}.Ad-Hoc|Any CPU.ActiveCfg = Release|Any CPU
		{7012B781-DA4C-4FCD-A186-643B09028CBF}.Ad-Hoc|Any CPU.Build.0 = Release|Any CPU
		{7012B781-DA4C-4FCD-A186-643B09028CBF}.Ad-Hoc|Any CPU.Deploy.0 = Release|Any CPU
		{7012B781-DA4C-4FCD-A186-643B09028CBF}.Ad-Hoc|ARM.ActiveCfg = Release|Any CPU
		{7012B781-DA4C-4FCD-A186-643B09028CBF}.Ad-Hoc|ARM.Build.0 = Release|Any CPU
		{7012B781-DA4C-4FCD-A186-643B09028CBF}.Ad-Hoc|ARM.Deploy.0 = Release|Any CPU
		{7012B781-DA4C-4FCD-A186-643B09028CBF}.Ad-Hoc|iPhone.ActiveCfg = Release|Any CPU
		{7012B781-DA4C-4FCD-A186-643B09028CBF}.Ad-Hoc|iPhone.Build.0 = Release|Any CPU
		{7012B781-DA4C-4FCD-A186-643B09028CBF}.Ad-Hoc|iPhone.Deploy.0 = Release|Any CPU
		{7012B781-DA4C-4FCD-A186-643B09028CBF}.Ad-Hoc|iPhoneSimulator.ActiveCfg = Release|Any CPU
		{7012B781-DA4C-4FCD-A186-643B09028CBF}.Ad-Hoc|iPhoneSimulator.Build.0 = Release|Any CPU
		{7012B781-DA4C-4FCD-A186-643B09028CBF}.Ad-Hoc|iPhoneSimulator.Deploy.0 = Release|Any CPU
		{7012B781-DA4C-4FCD-A186-643B09028CBF}.Ad-Hoc|x64.ActiveCfg = Release|Any CPU
		{7012B781-DA4C-4FCD-A186-643B09028CBF}.Ad-Hoc|x64.Build.0 = Release|Any CPU
		{7012B781-DA4C-4FCD-A186-643B09028CBF}.Ad-Hoc|x64.Deploy.0 = Release|Any CPU
		{7012B781-DA4C-4FCD-A186-643B09028CBF}.Ad-Hoc|x86.ActiveCfg = Release|Any CPU
		{7012B781-DA4C-4FCD-A186-643B09028CBF}.Ad-Hoc|x86.Build.0 = Release|Any CPU
		{7012B781-DA4C-4FCD-A186-643B09028CBF}.Ad-Hoc|x86.Deploy.0 = Release|Any CPU
		{7012B781-DA4C-4FCD-A186-643B09028CBF}.AppStore|Any CPU.ActiveCfg = Release|Any CPU
		{7012B781-DA4C-4FCD-A186-643B09028CBF}.AppStore|Any CPU.Build.0 = Release|Any CPU
		{7012B781-DA4C-4FCD-A186-643B09028CBF}.AppStore|Any CPU.Deploy.0 = Release|Any CPU
		{7012B781-DA4C-4FCD-A186-643B09028CBF}.AppStore|ARM.ActiveCfg = Release|Any CPU
		{7012B781-DA4C-4FCD-A186-643B09028CBF}.AppStore|ARM.Build.0 = Release|Any CPU
		{7012B781-DA4C-4FCD-A186-643B09028CBF}.AppStore|ARM.Deploy.0 = Release|Any CPU
		{7012B781-DA4C-4FCD-A186-643B09028CBF}.AppStore|iPhone.ActiveCfg = Release|Any CPU
		{7012B781-DA4C-4FCD-A186-643B09028CBF}.AppStore|iPhone.Build.0 = Release|Any CPU
		{7012B781-DA4C-4FCD-A186-643B09028CBF}.AppStore|iPhone.Deploy.0 = Release|Any CPU
		{7012B781-DA4C-4FCD-A186-643B09028CBF}.AppStore|iPhoneSimulator.ActiveCfg = Release|Any CPU
		{7012B781-DA4C-4FCD-A186-643B09028CBF}.AppStore|iPhoneSimulator.Build.0 = Release|Any CPU
		{7012B781-DA4C-4FCD-A186-643B09028CBF}.AppStore|iPhoneSimulator.Deploy.0 = Release|Any CPU
		{7012B781-DA4C-4FCD-A186-643B09028CBF}.AppStore|x64.ActiveCfg = Release|Any CPU
		{7012B781-DA4C-4FCD-A186-643B09028CBF}.AppStore|x64.Build.0 = Release|Any CPU
		{7012B781-DA4C-4FCD-A186-643B09028CBF}.AppStore|x64.Deploy.0 = Release|Any CPU
		{7012B781-DA4C-4FCD-A186-643B09028CBF}.AppStore|x86.ActiveCfg = Release|Any CPU
		{7012B781-DA4C-4FCD-A186-643B09028CBF}.AppStore|x86.Build.0 = Release|Any CPU
		{7012B781-DA4C-4FCD-A186-643B09028CBF}.AppStore|x86.Deploy.0 = Release|Any CPU
		{7012B781-DA4C-4FCD-A186-643B09028CBF}.Debug|Any CPU.ActiveCfg = Debug|Any CPU
		{7012B781-DA4C-4FCD-A186-643B09028CBF}.Debug|Any CPU.Build.0 = Debug|Any CPU
		{7012B781-DA4C-4FCD-A186-643B09028CBF}.Debug|Any CPU.Deploy.0 = Debug|Any CPU
		{7012B781-DA4C-4FCD-A186-643B09028CBF}.Debug|ARM.ActiveCfg = Debug|Any CPU
		{7012B781-DA4C-4FCD-A186-643B09028CBF}.Debug|ARM.Build.0 = Debug|Any CPU
		{7012B781-DA4C-4FCD-A186-643B09028CBF}.Debug|ARM.Deploy.0 = Debug|Any CPU
		{7012B781-DA4C-4FCD-A186-643B09028CBF}.Debug|iPhone.ActiveCfg = Debug|Any CPU
		{7012B781-DA4C-4FCD-A186-643B09028CBF}.Debug|iPhone.Build.0 = Debug|Any CPU
		{7012B781-DA4C-4FCD-A186-643B09028CBF}.Debug|iPhone.Deploy.0 = Debug|Any CPU
		{7012B781-DA4C-4FCD-A186-643B09028CBF}.Debug|iPhoneSimulator.ActiveCfg = Debug|Any CPU
		{7012B781-DA4C-4FCD-A186-643B09028CBF}.Debug|iPhoneSimulator.Build.0 = Debug|Any CPU
		{7012B781-DA4C-4FCD-A186-643B09028CBF}.Debug|iPhoneSimulator.Deploy.0 = Debug|Any CPU
		{7012B781-DA4C-4FCD-A186-643B09028CBF}.Debug|x64.ActiveCfg = Debug|Any CPU
		{7012B781-DA4C-4FCD-A186-643B09028CBF}.Debug|x64.Build.0 = Debug|Any CPU
		{7012B781-DA4C-4FCD-A186-643B09028CBF}.Debug|x64.Deploy.0 = Debug|Any CPU
		{7012B781-DA4C-4FCD-A186-643B09028CBF}.Debug|x86.ActiveCfg = Debug|Any CPU
		{7012B781-DA4C-4FCD-A186-643B09028CBF}.Debug|x86.Build.0 = Debug|Any CPU
		{7012B781-DA4C-4FCD-A186-643B09028CBF}.Debug|x86.Deploy.0 = Debug|Any CPU
		{7012B781-DA4C-4FCD-A186-643B09028CBF}.Release|Any CPU.ActiveCfg = Release|Any CPU
		{7012B781-DA4C-4FCD-A186-643B09028CBF}.Release|Any CPU.Build.0 = Release|Any CPU
		{7012B781-DA4C-4FCD-A186-643B09028CBF}.Release|Any CPU.Deploy.0 = Release|Any CPU
		{7012B781-DA4C-4FCD-A186-643B09028CBF}.Release|ARM.ActiveCfg = Release|Any CPU
		{7012B781-DA4C-4FCD-A186-643B09028CBF}.Release|ARM.Build.0 = Release|Any CPU
		{7012B781-DA4C-4FCD-A186-643B09028CBF}.Release|ARM.Deploy.0 = Release|Any CPU
		{7012B781-DA4C-4FCD-A186-643B09028CBF}.Release|iPhone.ActiveCfg = Release|Any CPU
		{7012B781-DA4C-4FCD-A186-643B09028CBF}.Release|iPhone.Build.0 = Release|Any CPU
		{7012B781-DA4C-4FCD-A186-643B09028CBF}.Release|iPhone.Deploy.0 = Release|Any CPU
		{7012B781-DA4C-4FCD-A186-643B09028CBF}.Release|iPhoneSimulator.ActiveCfg = Release|Any CPU
		{7012B781-DA4C-4FCD-A186-643B09028CBF}.Release|iPhoneSimulator.Build.0 = Release|Any CPU
		{7012B781-DA4C-4FCD-A186-643B09028CBF}.Release|iPhoneSimulator.Deploy.0 = Release|Any CPU
		{7012B781-DA4C-4FCD-A186-643B09028CBF}.Release|x64.ActiveCfg = Release|Any CPU
		{7012B781-DA4C-4FCD-A186-643B09028CBF}.Release|x64.Build.0 = Release|Any CPU
		{7012B781-DA4C-4FCD-A186-643B09028CBF}.Release|x64.Deploy.0 = Release|Any CPU
		{7012B781-DA4C-4FCD-A186-643B09028CBF}.Release|x86.ActiveCfg = Release|Any CPU
		{7012B781-DA4C-4FCD-A186-643B09028CBF}.Release|x86.Build.0 = Release|Any CPU
		{7012B781-DA4C-4FCD-A186-643B09028CBF}.Release|x86.Deploy.0 = Release|Any CPU
		{04DE8E65-BEA1-4B94-AB64-A9714C3182DF}.Ad-Hoc|Any CPU.ActiveCfg = Release|Any CPU
		{04DE8E65-BEA1-4B94-AB64-A9714C3182DF}.Ad-Hoc|Any CPU.Build.0 = Release|Any CPU
		{04DE8E65-BEA1-4B94-AB64-A9714C3182DF}.Ad-Hoc|ARM.ActiveCfg = Release|Any CPU
		{04DE8E65-BEA1-4B94-AB64-A9714C3182DF}.Ad-Hoc|ARM.Build.0 = Release|Any CPU
		{04DE8E65-BEA1-4B94-AB64-A9714C3182DF}.Ad-Hoc|iPhone.ActiveCfg = Release|Any CPU
		{04DE8E65-BEA1-4B94-AB64-A9714C3182DF}.Ad-Hoc|iPhone.Build.0 = Release|Any CPU
		{04DE8E65-BEA1-4B94-AB64-A9714C3182DF}.Ad-Hoc|iPhoneSimulator.ActiveCfg = Release|Any CPU
		{04DE8E65-BEA1-4B94-AB64-A9714C3182DF}.Ad-Hoc|iPhoneSimulator.Build.0 = Release|Any CPU
		{04DE8E65-BEA1-4B94-AB64-A9714C3182DF}.Ad-Hoc|x64.ActiveCfg = Release|Any CPU
		{04DE8E65-BEA1-4B94-AB64-A9714C3182DF}.Ad-Hoc|x64.Build.0 = Release|Any CPU
		{04DE8E65-BEA1-4B94-AB64-A9714C3182DF}.Ad-Hoc|x86.ActiveCfg = Release|Any CPU
		{04DE8E65-BEA1-4B94-AB64-A9714C3182DF}.Ad-Hoc|x86.Build.0 = Release|Any CPU
		{04DE8E65-BEA1-4B94-AB64-A9714C3182DF}.AppStore|Any CPU.ActiveCfg = Release|Any CPU
		{04DE8E65-BEA1-4B94-AB64-A9714C3182DF}.AppStore|Any CPU.Build.0 = Release|Any CPU
		{04DE8E65-BEA1-4B94-AB64-A9714C3182DF}.AppStore|ARM.ActiveCfg = Release|Any CPU
		{04DE8E65-BEA1-4B94-AB64-A9714C3182DF}.AppStore|ARM.Build.0 = Release|Any CPU
		{04DE8E65-BEA1-4B94-AB64-A9714C3182DF}.AppStore|iPhone.ActiveCfg = Release|Any CPU
		{04DE8E65-BEA1-4B94-AB64-A9714C3182DF}.AppStore|iPhone.Build.0 = Release|Any CPU
		{04DE8E65-BEA1-4B94-AB64-A9714C3182DF}.AppStore|iPhoneSimulator.ActiveCfg = Release|Any CPU
		{04DE8E65-BEA1-4B94-AB64-A9714C3182DF}.AppStore|iPhoneSimulator.Build.0 = Release|Any CPU
		{04DE8E65-BEA1-4B94-AB64-A9714C3182DF}.AppStore|x64.ActiveCfg = Release|Any CPU
		{04DE8E65-BEA1-4B94-AB64-A9714C3182DF}.AppStore|x64.Build.0 = Release|Any CPU
		{04DE8E65-BEA1-4B94-AB64-A9714C3182DF}.AppStore|x86.ActiveCfg = Release|Any CPU
		{04DE8E65-BEA1-4B94-AB64-A9714C3182DF}.AppStore|x86.Build.0 = Release|Any CPU
		{04DE8E65-BEA1-4B94-AB64-A9714C3182DF}.Debug|Any CPU.ActiveCfg = Debug|Any CPU
		{04DE8E65-BEA1-4B94-AB64-A9714C3182DF}.Debug|Any CPU.Build.0 = Debug|Any CPU
		{04DE8E65-BEA1-4B94-AB64-A9714C3182DF}.Debug|ARM.ActiveCfg = Debug|Any CPU
		{04DE8E65-BEA1-4B94-AB64-A9714C3182DF}.Debug|ARM.Build.0 = Debug|Any CPU
		{04DE8E65-BEA1-4B94-AB64-A9714C3182DF}.Debug|iPhone.ActiveCfg = Debug|Any CPU
		{04DE8E65-BEA1-4B94-AB64-A9714C3182DF}.Debug|iPhone.Build.0 = Debug|Any CPU
		{04DE8E65-BEA1-4B94-AB64-A9714C3182DF}.Debug|iPhoneSimulator.ActiveCfg = Debug|Any CPU
		{04DE8E65-BEA1-4B94-AB64-A9714C3182DF}.Debug|iPhoneSimulator.Build.0 = Debug|Any CPU
		{04DE8E65-BEA1-4B94-AB64-A9714C3182DF}.Debug|x64.ActiveCfg = Debug|Any CPU
		{04DE8E65-BEA1-4B94-AB64-A9714C3182DF}.Debug|x64.Build.0 = Debug|Any CPU
		{04DE8E65-BEA1-4B94-AB64-A9714C3182DF}.Debug|x86.ActiveCfg = Debug|Any CPU
		{04DE8E65-BEA1-4B94-AB64-A9714C3182DF}.Debug|x86.Build.0 = Debug|Any CPU
		{04DE8E65-BEA1-4B94-AB64-A9714C3182DF}.Release|Any CPU.ActiveCfg = Release|Any CPU
		{04DE8E65-BEA1-4B94-AB64-A9714C3182DF}.Release|Any CPU.Build.0 = Release|Any CPU
		{04DE8E65-BEA1-4B94-AB64-A9714C3182DF}.Release|ARM.ActiveCfg = Release|Any CPU
		{04DE8E65-BEA1-4B94-AB64-A9714C3182DF}.Release|ARM.Build.0 = Release|Any CPU
		{04DE8E65-BEA1-4B94-AB64-A9714C3182DF}.Release|iPhone.ActiveCfg = Release|Any CPU
		{04DE8E65-BEA1-4B94-AB64-A9714C3182DF}.Release|iPhone.Build.0 = Release|Any CPU
		{04DE8E65-BEA1-4B94-AB64-A9714C3182DF}.Release|iPhoneSimulator.ActiveCfg = Release|Any CPU
		{04DE8E65-BEA1-4B94-AB64-A9714C3182DF}.Release|iPhoneSimulator.Build.0 = Release|Any CPU
		{04DE8E65-BEA1-4B94-AB64-A9714C3182DF}.Release|x64.ActiveCfg = Release|Any CPU
		{04DE8E65-BEA1-4B94-AB64-A9714C3182DF}.Release|x64.Build.0 = Release|Any CPU
		{04DE8E65-BEA1-4B94-AB64-A9714C3182DF}.Release|x86.ActiveCfg = Release|Any CPU
		{04DE8E65-BEA1-4B94-AB64-A9714C3182DF}.Release|x86.Build.0 = Release|Any CPU
		{3F8DD5B2-9414-4D39-B737-0F0A249A7EE0}.Ad-Hoc|Any CPU.ActiveCfg = Release|x86
		{3F8DD5B2-9414-4D39-B737-0F0A249A7EE0}.Ad-Hoc|Any CPU.Build.0 = Release|x86
		{3F8DD5B2-9414-4D39-B737-0F0A249A7EE0}.Ad-Hoc|Any CPU.Deploy.0 = Release|x86
		{3F8DD5B2-9414-4D39-B737-0F0A249A7EE0}.Ad-Hoc|ARM.ActiveCfg = Release|ARM
		{3F8DD5B2-9414-4D39-B737-0F0A249A7EE0}.Ad-Hoc|ARM.Build.0 = Release|ARM
		{3F8DD5B2-9414-4D39-B737-0F0A249A7EE0}.Ad-Hoc|ARM.Deploy.0 = Release|ARM
		{3F8DD5B2-9414-4D39-B737-0F0A249A7EE0}.Ad-Hoc|iPhone.ActiveCfg = Release|x86
		{3F8DD5B2-9414-4D39-B737-0F0A249A7EE0}.Ad-Hoc|iPhone.Build.0 = Release|x86
		{3F8DD5B2-9414-4D39-B737-0F0A249A7EE0}.Ad-Hoc|iPhone.Deploy.0 = Release|x86
		{3F8DD5B2-9414-4D39-B737-0F0A249A7EE0}.Ad-Hoc|iPhoneSimulator.ActiveCfg = Release|x86
		{3F8DD5B2-9414-4D39-B737-0F0A249A7EE0}.Ad-Hoc|iPhoneSimulator.Build.0 = Release|x86
		{3F8DD5B2-9414-4D39-B737-0F0A249A7EE0}.Ad-Hoc|iPhoneSimulator.Deploy.0 = Release|x86
		{3F8DD5B2-9414-4D39-B737-0F0A249A7EE0}.Ad-Hoc|x64.ActiveCfg = Release|x64
		{3F8DD5B2-9414-4D39-B737-0F0A249A7EE0}.Ad-Hoc|x64.Build.0 = Release|x64
		{3F8DD5B2-9414-4D39-B737-0F0A249A7EE0}.Ad-Hoc|x64.Deploy.0 = Release|x64
		{3F8DD5B2-9414-4D39-B737-0F0A249A7EE0}.Ad-Hoc|x86.ActiveCfg = Release|x86
		{3F8DD5B2-9414-4D39-B737-0F0A249A7EE0}.Ad-Hoc|x86.Build.0 = Release|x86
		{3F8DD5B2-9414-4D39-B737-0F0A249A7EE0}.Ad-Hoc|x86.Deploy.0 = Release|x86
		{3F8DD5B2-9414-4D39-B737-0F0A249A7EE0}.AppStore|Any CPU.ActiveCfg = Release|x86
		{3F8DD5B2-9414-4D39-B737-0F0A249A7EE0}.AppStore|Any CPU.Build.0 = Release|x86
		{3F8DD5B2-9414-4D39-B737-0F0A249A7EE0}.AppStore|Any CPU.Deploy.0 = Release|x86
		{3F8DD5B2-9414-4D39-B737-0F0A249A7EE0}.AppStore|ARM.ActiveCfg = Release|ARM
		{3F8DD5B2-9414-4D39-B737-0F0A249A7EE0}.AppStore|ARM.Build.0 = Release|ARM
		{3F8DD5B2-9414-4D39-B737-0F0A249A7EE0}.AppStore|ARM.Deploy.0 = Release|ARM
		{3F8DD5B2-9414-4D39-B737-0F0A249A7EE0}.AppStore|iPhone.ActiveCfg = Release|x86
		{3F8DD5B2-9414-4D39-B737-0F0A249A7EE0}.AppStore|iPhone.Build.0 = Release|x86
		{3F8DD5B2-9414-4D39-B737-0F0A249A7EE0}.AppStore|iPhone.Deploy.0 = Release|x86
		{3F8DD5B2-9414-4D39-B737-0F0A249A7EE0}.AppStore|iPhoneSimulator.ActiveCfg = Release|x86
		{3F8DD5B2-9414-4D39-B737-0F0A249A7EE0}.AppStore|iPhoneSimulator.Build.0 = Release|x86
		{3F8DD5B2-9414-4D39-B737-0F0A249A7EE0}.AppStore|iPhoneSimulator.Deploy.0 = Release|x86
		{3F8DD5B2-9414-4D39-B737-0F0A249A7EE0}.AppStore|x64.ActiveCfg = Release|x64
		{3F8DD5B2-9414-4D39-B737-0F0A249A7EE0}.AppStore|x64.Build.0 = Release|x64
		{3F8DD5B2-9414-4D39-B737-0F0A249A7EE0}.AppStore|x64.Deploy.0 = Release|x64
		{3F8DD5B2-9414-4D39-B737-0F0A249A7EE0}.AppStore|x86.ActiveCfg = Release|x86
		{3F8DD5B2-9414-4D39-B737-0F0A249A7EE0}.AppStore|x86.Build.0 = Release|x86
		{3F8DD5B2-9414-4D39-B737-0F0A249A7EE0}.AppStore|x86.Deploy.0 = Release|x86
		{3F8DD5B2-9414-4D39-B737-0F0A249A7EE0}.Debug|Any CPU.ActiveCfg = Debug|x86
		{3F8DD5B2-9414-4D39-B737-0F0A249A7EE0}.Debug|ARM.ActiveCfg = Debug|ARM
		{3F8DD5B2-9414-4D39-B737-0F0A249A7EE0}.Debug|ARM.Build.0 = Debug|ARM
		{3F8DD5B2-9414-4D39-B737-0F0A249A7EE0}.Debug|ARM.Deploy.0 = Debug|ARM
		{3F8DD5B2-9414-4D39-B737-0F0A249A7EE0}.Debug|iPhone.ActiveCfg = Debug|x86
		{3F8DD5B2-9414-4D39-B737-0F0A249A7EE0}.Debug|iPhoneSimulator.ActiveCfg = Debug|x86
		{3F8DD5B2-9414-4D39-B737-0F0A249A7EE0}.Debug|x64.ActiveCfg = Debug|x64
		{3F8DD5B2-9414-4D39-B737-0F0A249A7EE0}.Debug|x64.Build.0 = Debug|x64
		{3F8DD5B2-9414-4D39-B737-0F0A249A7EE0}.Debug|x64.Deploy.0 = Debug|x64
		{3F8DD5B2-9414-4D39-B737-0F0A249A7EE0}.Debug|x86.ActiveCfg = Debug|x86
		{3F8DD5B2-9414-4D39-B737-0F0A249A7EE0}.Debug|x86.Build.0 = Debug|x86
		{3F8DD5B2-9414-4D39-B737-0F0A249A7EE0}.Debug|x86.Deploy.0 = Debug|x86
		{3F8DD5B2-9414-4D39-B737-0F0A249A7EE0}.Release|Any CPU.ActiveCfg = Release|x86
		{3F8DD5B2-9414-4D39-B737-0F0A249A7EE0}.Release|ARM.ActiveCfg = Release|ARM
		{3F8DD5B2-9414-4D39-B737-0F0A249A7EE0}.Release|ARM.Build.0 = Release|ARM
		{3F8DD5B2-9414-4D39-B737-0F0A249A7EE0}.Release|ARM.Deploy.0 = Release|ARM
		{3F8DD5B2-9414-4D39-B737-0F0A249A7EE0}.Release|iPhone.ActiveCfg = Release|x86
		{3F8DD5B2-9414-4D39-B737-0F0A249A7EE0}.Release|iPhoneSimulator.ActiveCfg = Release|x86
		{3F8DD5B2-9414-4D39-B737-0F0A249A7EE0}.Release|x64.ActiveCfg = Release|x64
		{3F8DD5B2-9414-4D39-B737-0F0A249A7EE0}.Release|x64.Build.0 = Release|x64
		{3F8DD5B2-9414-4D39-B737-0F0A249A7EE0}.Release|x64.Deploy.0 = Release|x64
		{3F8DD5B2-9414-4D39-B737-0F0A249A7EE0}.Release|x86.ActiveCfg = Release|x86
		{3F8DD5B2-9414-4D39-B737-0F0A249A7EE0}.Release|x86.Build.0 = Release|x86
		{3F8DD5B2-9414-4D39-B737-0F0A249A7EE0}.Release|x86.Deploy.0 = Release|x86
		{AF99C0E4-1047-4EE5-8E4F-340FEF26AFED}.Ad-Hoc|Any CPU.ActiveCfg = Ad-Hoc|iPhone
		{AF99C0E4-1047-4EE5-8E4F-340FEF26AFED}.Ad-Hoc|ARM.ActiveCfg = Ad-Hoc|iPhone
		{AF99C0E4-1047-4EE5-8E4F-340FEF26AFED}.Ad-Hoc|iPhone.ActiveCfg = Ad-Hoc|iPhone
		{AF99C0E4-1047-4EE5-8E4F-340FEF26AFED}.Ad-Hoc|iPhone.Build.0 = Ad-Hoc|iPhone
		{AF99C0E4-1047-4EE5-8E4F-340FEF26AFED}.Ad-Hoc|iPhoneSimulator.ActiveCfg = Ad-Hoc|iPhoneSimulator
		{AF99C0E4-1047-4EE5-8E4F-340FEF26AFED}.Ad-Hoc|iPhoneSimulator.Build.0 = Ad-Hoc|iPhoneSimulator
		{AF99C0E4-1047-4EE5-8E4F-340FEF26AFED}.Ad-Hoc|x64.ActiveCfg = Ad-Hoc|iPhone
		{AF99C0E4-1047-4EE5-8E4F-340FEF26AFED}.Ad-Hoc|x86.ActiveCfg = Ad-Hoc|iPhone
		{AF99C0E4-1047-4EE5-8E4F-340FEF26AFED}.AppStore|Any CPU.ActiveCfg = AppStore|iPhone
		{AF99C0E4-1047-4EE5-8E4F-340FEF26AFED}.AppStore|ARM.ActiveCfg = AppStore|iPhone
		{AF99C0E4-1047-4EE5-8E4F-340FEF26AFED}.AppStore|iPhone.ActiveCfg = AppStore|iPhone
		{AF99C0E4-1047-4EE5-8E4F-340FEF26AFED}.AppStore|iPhone.Build.0 = AppStore|iPhone
		{AF99C0E4-1047-4EE5-8E4F-340FEF26AFED}.AppStore|iPhoneSimulator.ActiveCfg = AppStore|iPhoneSimulator
		{AF99C0E4-1047-4EE5-8E4F-340FEF26AFED}.AppStore|iPhoneSimulator.Build.0 = AppStore|iPhoneSimulator
		{AF99C0E4-1047-4EE5-8E4F-340FEF26AFED}.AppStore|x64.ActiveCfg = AppStore|iPhone
		{AF99C0E4-1047-4EE5-8E4F-340FEF26AFED}.AppStore|x86.ActiveCfg = AppStore|iPhone
		{AF99C0E4-1047-4EE5-8E4F-340FEF26AFED}.Debug|Any CPU.ActiveCfg = Debug|iPhone
		{AF99C0E4-1047-4EE5-8E4F-340FEF26AFED}.Debug|ARM.ActiveCfg = Debug|iPhone
		{AF99C0E4-1047-4EE5-8E4F-340FEF26AFED}.Debug|iPhone.ActiveCfg = Debug|iPhone
		{AF99C0E4-1047-4EE5-8E4F-340FEF26AFED}.Debug|iPhone.Build.0 = Debug|iPhone
		{AF99C0E4-1047-4EE5-8E4F-340FEF26AFED}.Debug|iPhoneSimulator.ActiveCfg = Debug|iPhoneSimulator
		{AF99C0E4-1047-4EE5-8E4F-340FEF26AFED}.Debug|iPhoneSimulator.Build.0 = Debug|iPhoneSimulator
		{AF99C0E4-1047-4EE5-8E4F-340FEF26AFED}.Debug|x64.ActiveCfg = Debug|iPhone
		{AF99C0E4-1047-4EE5-8E4F-340FEF26AFED}.Debug|x86.ActiveCfg = Debug|iPhone
		{AF99C0E4-1047-4EE5-8E4F-340FEF26AFED}.Release|Any CPU.ActiveCfg = Release|iPhone
		{AF99C0E4-1047-4EE5-8E4F-340FEF26AFED}.Release|ARM.ActiveCfg = Release|iPhone
		{AF99C0E4-1047-4EE5-8E4F-340FEF26AFED}.Release|iPhone.ActiveCfg = Release|iPhone
		{AF99C0E4-1047-4EE5-8E4F-340FEF26AFED}.Release|iPhone.Build.0 = Release|iPhone
		{AF99C0E4-1047-4EE5-8E4F-340FEF26AFED}.Release|iPhoneSimulator.ActiveCfg = Release|iPhoneSimulator
		{AF99C0E4-1047-4EE5-8E4F-340FEF26AFED}.Release|iPhoneSimulator.Build.0 = Release|iPhoneSimulator
		{AF99C0E4-1047-4EE5-8E4F-340FEF26AFED}.Release|x64.ActiveCfg = Release|iPhone
		{AF99C0E4-1047-4EE5-8E4F-340FEF26AFED}.Release|x86.ActiveCfg = Release|iPhone
	EndGlobalSection
	GlobalSection(SolutionProperties) = preSolution
		HideSolutionNode = FALSE
	EndGlobalSection
EndGlobal
