
Microsoft Visual Studio Solution File, Format Version 12.00
# Visual Studio 2012
Project("{FAE04EC0-301F-11D3-BF4B-00C04F79EFBC}") = "Mugelli.Software.It.Mgc.Android", "Mugelli.Software.It.Mgc.Android.csproj", "{7012B781-DA4C-4FCD-A186-643B09028CBF}"
EndProject
Global
	GlobalSection(SolutionConfigurationPlatforms) = preSolution
		Debug|Any CPU = Debug|Any CPU
		Release|Any CPU = Release|Any CPU
	EndGlobalSection
	GlobalSection(ProjectConfigurationPlatforms) = postSolution
		{7012B781-DA4C-4FCD-A186-643B09028CBF}.Debug|Any CPU.ActiveCfg = Debug|Any CPU
		{7012B781-DA4C-4FCD-A186-643B09028CBF}.Debug|Any CPU.Build.0 = Debug|Any CPU
		{7012B781-DA4C-4FCD-A186-643B09028CBF}.Release|Any CPU.ActiveCfg = Release|Any CPU
		{7012B781-DA4C-4FCD-A186-643B09028CBF}.Release|Any CPU.Build.0 = Release|Any CPU
	EndGlobalSection
EndGlobal
